
Microsoft Visual Studio Solution File, Format Version 12.00
# Visual Studio 2012
Project("{FAE04EC0-301F-11D3-BF4B-00C04F79EFBC}") = "CustomControlsSamples.iOS", "iOS\CustomControlsSamples.iOS.csproj", "{847CC9B8-3484-4D3B-B8EC-4A1D64BC0184}"
EndProject
Project("{FAE04EC0-301F-11D3-BF4B-00C04F79EFBC}") = "CustomControlsSamples.Droid", "Droid\CustomControlsSamples.Droid.csproj", "{0D4E430F-532E-4394-9156-AACB0F4F7FFF}"
EndProject
Project("{FAE04EC0-301F-11D3-BF4B-00C04F79EFBC}") = "Xamarin.CustomControls.RepeaterView", "Xamarin.CustomControls.Repeater\Xamarin.CustomControls.RepeaterView.csproj", "{73C8625C-82B0-484D-8EC0-32C984D73DB0}"
EndProject
Project("{FAE04EC0-301F-11D3-BF4B-00C04F79EFBC}") = "Xamarin.CustomControls.AutoCompleteView", "Xamarin.CustomControls.AutoCompleteView\Xamarin.CustomControls.AutoCompleteView.csproj", "{89A36162-37C8-4FB4-85BA-518039CB6907}"
EndProject
Project("{FAE04EC0-301F-11D3-BF4B-00C04F79EFBC}") = "Xamarin.CustomControls.ProgressBarView", "Xamarin.CustomControls.ProgressBarView\Xamarin.CustomControls.ProgressBarView.csproj", "{F9C385C3-9CE7-43F8-A0DD-CAA6336C1A3D}"
EndProject
Project("{FAE04EC0-301F-11D3-BF4B-00C04F79EFBC}") = "Xamarin.CustomControls.WrapRepeaterView", "XamarinCustomControls.WrapRepeaterView\Xamarin.CustomControls.WrapRepeaterView.csproj", "{5DCDB5EF-94A2-4D0A-BBE9-52FFB2D72D8E}"
EndProject
Project("{FAE04EC0-301F-11D3-BF4B-00C04F79EFBC}") = "Xamarin.CustomControls.SegmentedView", "Xamarin.CustomControls.SegmentedView\Xamarin.CustomControls.SegmentedView.csproj", "{18C12359-CFA1-4789-90EA-4E469E6790F6}"
EndProject
Project("{FAE04EC0-301F-11D3-BF4B-00C04F79EFBC}") = "Xamarin.CustomControls.BadgeButton", "Xamarin.CustomControls.BadgeButton\Xamarin.CustomControls.BadgeButton.csproj", "{1C8718EF-E051-440F-B85B-798691F492D7}"
EndProject
Project("{FAE04EC0-301F-11D3-BF4B-00C04F79EFBC}") = "Xamarin.CustomControls.AccordionView", "Xamarin.CustomControls.Accordion\Xamarin.CustomControls.AccordionView.csproj", "{6CD94573-64AB-447B-999B-4EB635E5E7A9}"
EndProject
Project("{FAE04EC0-301F-11D3-BF4B-00C04F79EFBC}") = "Xamarin.CustomControls.StateButton", "Xamarin.CustomControls.StateButton\Xamarin.CustomControls.StateButton.csproj", "{9CF4EBEE-85DE-4553-B09B-2516086B230B}"
EndProject
Project("{FAE04EC0-301F-11D3-BF4B-00C04F79EFBC}") = "Xamarin.CustomControls.LottieLoader", "Xamarin.CustomControls.LottieLoader\Xamarin.CustomControls.LottieLoader.csproj", "{194FE671-0014-4018-8E4C-D78F71E6601C}"
EndProject
Project("{FAE04EC0-301F-11D3-BF4B-00C04F79EFBC}") = "CustomControlsSamples", "CustomControlsSamples\CustomControlsSamples.csproj", "{F0A64F66-C6BD-4F9E-92FB-B03D576342BC}"
EndProject
Global
	GlobalSection(SolutionConfigurationPlatforms) = preSolution
		Debug|Any CPU = Debug|Any CPU
		Release|Any CPU = Release|Any CPU
		Debug|iPhoneSimulator = Debug|iPhoneSimulator
		Release|iPhone = Release|iPhone
		Release|iPhoneSimulator = Release|iPhoneSimulator
		Debug|iPhone = Debug|iPhone
	EndGlobalSection
	GlobalSection(ProjectConfigurationPlatforms) = postSolution
		{847CC9B8-3484-4D3B-B8EC-4A1D64BC0184}.Debug|Any CPU.ActiveCfg = Debug|iPhoneSimulator
		{847CC9B8-3484-4D3B-B8EC-4A1D64BC0184}.Debug|Any CPU.Build.0 = Debug|iPhoneSimulator
		{847CC9B8-3484-4D3B-B8EC-4A1D64BC0184}.Release|Any CPU.ActiveCfg = Release|iPhone
		{847CC9B8-3484-4D3B-B8EC-4A1D64BC0184}.Release|Any CPU.Build.0 = Release|iPhone
		{847CC9B8-3484-4D3B-B8EC-4A1D64BC0184}.Debug|iPhoneSimulator.ActiveCfg = Debug|iPhoneSimulator
		{847CC9B8-3484-4D3B-B8EC-4A1D64BC0184}.Debug|iPhoneSimulator.Build.0 = Debug|iPhoneSimulator
		{847CC9B8-3484-4D3B-B8EC-4A1D64BC0184}.Release|iPhone.ActiveCfg = Release|iPhone
		{847CC9B8-3484-4D3B-B8EC-4A1D64BC0184}.Release|iPhone.Build.0 = Release|iPhone
		{847CC9B8-3484-4D3B-B8EC-4A1D64BC0184}.Release|iPhoneSimulator.ActiveCfg = Release|iPhoneSimulator
		{847CC9B8-3484-4D3B-B8EC-4A1D64BC0184}.Release|iPhoneSimulator.Build.0 = Release|iPhoneSimulator
		{847CC9B8-3484-4D3B-B8EC-4A1D64BC0184}.Debug|iPhone.ActiveCfg = Debug|iPhone
		{847CC9B8-3484-4D3B-B8EC-4A1D64BC0184}.Debug|iPhone.Build.0 = Debug|iPhone
		{0D4E430F-532E-4394-9156-AACB0F4F7FFF}.Debug|Any CPU.ActiveCfg = Debug|Any CPU
		{0D4E430F-532E-4394-9156-AACB0F4F7FFF}.Debug|Any CPU.Build.0 = Debug|Any CPU
		{0D4E430F-532E-4394-9156-AACB0F4F7FFF}.Release|Any CPU.ActiveCfg = Release|Any CPU
		{0D4E430F-532E-4394-9156-AACB0F4F7FFF}.Release|Any CPU.Build.0 = Release|Any CPU
		{0D4E430F-532E-4394-9156-AACB0F4F7FFF}.Debug|iPhoneSimulator.ActiveCfg = Debug|Any CPU
		{0D4E430F-532E-4394-9156-AACB0F4F7FFF}.Debug|iPhoneSimulator.Build.0 = Debug|Any CPU
		{0D4E430F-532E-4394-9156-AACB0F4F7FFF}.Release|iPhone.ActiveCfg = Release|Any CPU
		{0D4E430F-532E-4394-9156-AACB0F4F7FFF}.Release|iPhone.Build.0 = Release|Any CPU
		{0D4E430F-532E-4394-9156-AACB0F4F7FFF}.Release|iPhoneSimulator.ActiveCfg = Release|Any CPU
		{0D4E430F-532E-4394-9156-AACB0F4F7FFF}.Release|iPhoneSimulator.Build.0 = Release|Any CPU
		{0D4E430F-532E-4394-9156-AACB0F4F7FFF}.Debug|iPhone.ActiveCfg = Debug|Any CPU
		{0D4E430F-532E-4394-9156-AACB0F4F7FFF}.Debug|iPhone.Build.0 = Debug|Any CPU
		{73C8625C-82B0-484D-8EC0-32C984D73DB0}.Debug|Any CPU.ActiveCfg = Debug|Any CPU
		{73C8625C-82B0-484D-8EC0-32C984D73DB0}.Debug|Any CPU.Build.0 = Debug|Any CPU
		{73C8625C-82B0-484D-8EC0-32C984D73DB0}.Release|Any CPU.ActiveCfg = Release|Any CPU
		{73C8625C-82B0-484D-8EC0-32C984D73DB0}.Release|Any CPU.Build.0 = Release|Any CPU
		{73C8625C-82B0-484D-8EC0-32C984D73DB0}.Debug|iPhoneSimulator.ActiveCfg = Debug|Any CPU
		{73C8625C-82B0-484D-8EC0-32C984D73DB0}.Debug|iPhoneSimulator.Build.0 = Debug|Any CPU
		{73C8625C-82B0-484D-8EC0-32C984D73DB0}.Release|iPhone.ActiveCfg = Release|Any CPU
		{73C8625C-82B0-484D-8EC0-32C984D73DB0}.Release|iPhone.Build.0 = Release|Any CPU
		{73C8625C-82B0-484D-8EC0-32C984D73DB0}.Release|iPhoneSimulator.ActiveCfg = Release|Any CPU
		{73C8625C-82B0-484D-8EC0-32C984D73DB0}.Release|iPhoneSimulator.Build.0 = Release|Any CPU
		{73C8625C-82B0-484D-8EC0-32C984D73DB0}.Debug|iPhone.ActiveCfg = Debug|Any CPU
		{73C8625C-82B0-484D-8EC0-32C984D73DB0}.Debug|iPhone.Build.0 = Debug|Any CPU
		{89A36162-37C8-4FB4-85BA-518039CB6907}.Debug|Any CPU.ActiveCfg = Debug|Any CPU
		{89A36162-37C8-4FB4-85BA-518039CB6907}.Debug|Any CPU.Build.0 = Debug|Any CPU
		{89A36162-37C8-4FB4-85BA-518039CB6907}.Release|Any CPU.ActiveCfg = Release|Any CPU
		{89A36162-37C8-4FB4-85BA-518039CB6907}.Release|Any CPU.Build.0 = Release|Any CPU
		{89A36162-37C8-4FB4-85BA-518039CB6907}.Debug|iPhoneSimulator.ActiveCfg = Debug|Any CPU
		{89A36162-37C8-4FB4-85BA-518039CB6907}.Debug|iPhoneSimulator.Build.0 = Debug|Any CPU
		{89A36162-37C8-4FB4-85BA-518039CB6907}.Release|iPhone.ActiveCfg = Release|Any CPU
		{89A36162-37C8-4FB4-85BA-518039CB6907}.Release|iPhone.Build.0 = Release|Any CPU
		{89A36162-37C8-4FB4-85BA-518039CB6907}.Release|iPhoneSimulator.ActiveCfg = Release|Any CPU
		{89A36162-37C8-4FB4-85BA-518039CB6907}.Release|iPhoneSimulator.Build.0 = Release|Any CPU
		{89A36162-37C8-4FB4-85BA-518039CB6907}.Debug|iPhone.ActiveCfg = Debug|Any CPU
		{89A36162-37C8-4FB4-85BA-518039CB6907}.Debug|iPhone.Build.0 = Debug|Any CPU
		{F9C385C3-9CE7-43F8-A0DD-CAA6336C1A3D}.Debug|Any CPU.ActiveCfg = Debug|Any CPU
		{F9C385C3-9CE7-43F8-A0DD-CAA6336C1A3D}.Debug|Any CPU.Build.0 = Debug|Any CPU
		{F9C385C3-9CE7-43F8-A0DD-CAA6336C1A3D}.Release|Any CPU.ActiveCfg = Release|Any CPU
		{F9C385C3-9CE7-43F8-A0DD-CAA6336C1A3D}.Release|Any CPU.Build.0 = Release|Any CPU
		{F9C385C3-9CE7-43F8-A0DD-CAA6336C1A3D}.Debug|iPhoneSimulator.ActiveCfg = Debug|Any CPU
		{F9C385C3-9CE7-43F8-A0DD-CAA6336C1A3D}.Debug|iPhoneSimulator.Build.0 = Debug|Any CPU
		{F9C385C3-9CE7-43F8-A0DD-CAA6336C1A3D}.Release|iPhone.ActiveCfg = Release|Any CPU
		{F9C385C3-9CE7-43F8-A0DD-CAA6336C1A3D}.Release|iPhone.Build.0 = Release|Any CPU
		{F9C385C3-9CE7-43F8-A0DD-CAA6336C1A3D}.Release|iPhoneSimulator.ActiveCfg = Release|Any CPU
		{F9C385C3-9CE7-43F8-A0DD-CAA6336C1A3D}.Release|iPhoneSimulator.Build.0 = Release|Any CPU
		{F9C385C3-9CE7-43F8-A0DD-CAA6336C1A3D}.Debug|iPhone.ActiveCfg = Debug|Any CPU
		{F9C385C3-9CE7-43F8-A0DD-CAA6336C1A3D}.Debug|iPhone.Build.0 = Debug|Any CPU
		{5DCDB5EF-94A2-4D0A-BBE9-52FFB2D72D8E}.Debug|Any CPU.ActiveCfg = Debug|Any CPU
		{5DCDB5EF-94A2-4D0A-BBE9-52FFB2D72D8E}.Debug|Any CPU.Build.0 = Debug|Any CPU
		{5DCDB5EF-94A2-4D0A-BBE9-52FFB2D72D8E}.Release|Any CPU.ActiveCfg = Release|Any CPU
		{5DCDB5EF-94A2-4D0A-BBE9-52FFB2D72D8E}.Release|Any CPU.Build.0 = Release|Any CPU
		{5DCDB5EF-94A2-4D0A-BBE9-52FFB2D72D8E}.Debug|iPhoneSimulator.ActiveCfg = Debug|Any CPU
		{5DCDB5EF-94A2-4D0A-BBE9-52FFB2D72D8E}.Debug|iPhoneSimulator.Build.0 = Debug|Any CPU
		{5DCDB5EF-94A2-4D0A-BBE9-52FFB2D72D8E}.Release|iPhone.ActiveCfg = Release|Any CPU
		{5DCDB5EF-94A2-4D0A-BBE9-52FFB2D72D8E}.Release|iPhone.Build.0 = Release|Any CPU
		{5DCDB5EF-94A2-4D0A-BBE9-52FFB2D72D8E}.Release|iPhoneSimulator.ActiveCfg = Release|Any CPU
		{5DCDB5EF-94A2-4D0A-BBE9-52FFB2D72D8E}.Release|iPhoneSimulator.Build.0 = Release|Any CPU
		{5DCDB5EF-94A2-4D0A-BBE9-52FFB2D72D8E}.Debug|iPhone.ActiveCfg = Debug|Any CPU
		{5DCDB5EF-94A2-4D0A-BBE9-52FFB2D72D8E}.Debug|iPhone.Build.0 = Debug|Any CPU
		{18C12359-CFA1-4789-90EA-4E469E6790F6}.Debug|Any CPU.ActiveCfg = Debug|Any CPU
		{18C12359-CFA1-4789-90EA-4E469E6790F6}.Debug|Any CPU.Build.0 = Debug|Any CPU
		{18C12359-CFA1-4789-90EA-4E469E6790F6}.Release|Any CPU.ActiveCfg = Release|Any CPU
		{18C12359-CFA1-4789-90EA-4E469E6790F6}.Release|Any CPU.Build.0 = Release|Any CPU
		{18C12359-CFA1-4789-90EA-4E469E6790F6}.Debug|iPhoneSimulator.ActiveCfg = Debug|Any CPU
		{18C12359-CFA1-4789-90EA-4E469E6790F6}.Debug|iPhoneSimulator.Build.0 = Debug|Any CPU
		{18C12359-CFA1-4789-90EA-4E469E6790F6}.Release|iPhone.ActiveCfg = Release|Any CPU
		{18C12359-CFA1-4789-90EA-4E469E6790F6}.Release|iPhone.Build.0 = Release|Any CPU
		{18C12359-CFA1-4789-90EA-4E469E6790F6}.Release|iPhoneSimulator.ActiveCfg = Release|Any CPU
		{18C12359-CFA1-4789-90EA-4E469E6790F6}.Release|iPhoneSimulator.Build.0 = Release|Any CPU
		{18C12359-CFA1-4789-90EA-4E469E6790F6}.Debug|iPhone.ActiveCfg = Debug|Any CPU
		{18C12359-CFA1-4789-90EA-4E469E6790F6}.Debug|iPhone.Build.0 = Debug|Any CPU
		{1C8718EF-E051-440F-B85B-798691F492D7}.Debug|Any CPU.ActiveCfg = Debug|Any CPU
		{1C8718EF-E051-440F-B85B-798691F492D7}.Debug|Any CPU.Build.0 = Debug|Any CPU
		{1C8718EF-E051-440F-B85B-798691F492D7}.Release|Any CPU.ActiveCfg = Release|Any CPU
		{1C8718EF-E051-440F-B85B-798691F492D7}.Release|Any CPU.Build.0 = Release|Any CPU
		{1C8718EF-E051-440F-B85B-798691F492D7}.Debug|iPhoneSimulator.ActiveCfg = Debug|Any CPU
		{1C8718EF-E051-440F-B85B-798691F492D7}.Debug|iPhoneSimulator.Build.0 = Debug|Any CPU
		{1C8718EF-E051-440F-B85B-798691F492D7}.Release|iPhone.ActiveCfg = Release|Any CPU
		{1C8718EF-E051-440F-B85B-798691F492D7}.Release|iPhone.Build.0 = Release|Any CPU
		{1C8718EF-E051-440F-B85B-798691F492D7}.Release|iPhoneSimulator.ActiveCfg = Release|Any CPU
		{1C8718EF-E051-440F-B85B-798691F492D7}.Release|iPhoneSimulator.Build.0 = Release|Any CPU
		{1C8718EF-E051-440F-B85B-798691F492D7}.Debug|iPhone.ActiveCfg = Debug|Any CPU
		{1C8718EF-E051-440F-B85B-798691F492D7}.Debug|iPhone.Build.0 = Debug|Any CPU
		{6CD94573-64AB-447B-999B-4EB635E5E7A9}.Debug|Any CPU.ActiveCfg = Debug|Any CPU
		{6CD94573-64AB-447B-999B-4EB635E5E7A9}.Debug|Any CPU.Build.0 = Debug|Any CPU
		{6CD94573-64AB-447B-999B-4EB635E5E7A9}.Release|Any CPU.ActiveCfg = Release|Any CPU
		{6CD94573-64AB-447B-999B-4EB635E5E7A9}.Release|Any CPU.Build.0 = Release|Any CPU
		{6CD94573-64AB-447B-999B-4EB635E5E7A9}.Debug|iPhoneSimulator.ActiveCfg = Debug|Any CPU
		{6CD94573-64AB-447B-999B-4EB635E5E7A9}.Debug|iPhoneSimulator.Build.0 = Debug|Any CPU
		{6CD94573-64AB-447B-999B-4EB635E5E7A9}.Release|iPhone.ActiveCfg = Release|Any CPU
		{6CD94573-64AB-447B-999B-4EB635E5E7A9}.Release|iPhone.Build.0 = Release|Any CPU
		{6CD94573-64AB-447B-999B-4EB635E5E7A9}.Release|iPhoneSimulator.ActiveCfg = Release|Any CPU
		{6CD94573-64AB-447B-999B-4EB635E5E7A9}.Release|iPhoneSimulator.Build.0 = Release|Any CPU
		{6CD94573-64AB-447B-999B-4EB635E5E7A9}.Debug|iPhone.ActiveCfg = Debug|Any CPU
		{6CD94573-64AB-447B-999B-4EB635E5E7A9}.Debug|iPhone.Build.0 = Debug|Any CPU
		{9CF4EBEE-85DE-4553-B09B-2516086B230B}.Debug|Any CPU.ActiveCfg = Debug|Any CPU
		{9CF4EBEE-85DE-4553-B09B-2516086B230B}.Debug|Any CPU.Build.0 = Debug|Any CPU
		{9CF4EBEE-85DE-4553-B09B-2516086B230B}.Release|Any CPU.ActiveCfg = Release|Any CPU
		{9CF4EBEE-85DE-4553-B09B-2516086B230B}.Release|Any CPU.Build.0 = Release|Any CPU
		{9CF4EBEE-85DE-4553-B09B-2516086B230B}.Debug|iPhoneSimulator.ActiveCfg = Debug|Any CPU
		{9CF4EBEE-85DE-4553-B09B-2516086B230B}.Debug|iPhoneSimulator.Build.0 = Debug|Any CPU
		{9CF4EBEE-85DE-4553-B09B-2516086B230B}.Release|iPhone.ActiveCfg = Release|Any CPU
		{9CF4EBEE-85DE-4553-B09B-2516086B230B}.Release|iPhone.Build.0 = Release|Any CPU
		{9CF4EBEE-85DE-4553-B09B-2516086B230B}.Release|iPhoneSimulator.ActiveCfg = Release|Any CPU
		{9CF4EBEE-85DE-4553-B09B-2516086B230B}.Release|iPhoneSimulator.Build.0 = Release|Any CPU
		{9CF4EBEE-85DE-4553-B09B-2516086B230B}.Debug|iPhone.ActiveCfg = Debug|Any CPU
		{9CF4EBEE-85DE-4553-B09B-2516086B230B}.Debug|iPhone.Build.0 = Debug|Any CPU
		{194FE671-0014-4018-8E4C-D78F71E6601C}.Debug|Any CPU.ActiveCfg = Debug|Any CPU
		{194FE671-0014-4018-8E4C-D78F71E6601C}.Debug|Any CPU.Build.0 = Debug|Any CPU
		{194FE671-0014-4018-8E4C-D78F71E6601C}.Release|Any CPU.ActiveCfg = Release|Any CPU
		{194FE671-0014-4018-8E4C-D78F71E6601C}.Release|Any CPU.Build.0 = Release|Any CPU
		{194FE671-0014-4018-8E4C-D78F71E6601C}.Debug|iPhoneSimulator.ActiveCfg = Debug|Any CPU
		{194FE671-0014-4018-8E4C-D78F71E6601C}.Debug|iPhoneSimulator.Build.0 = Debug|Any CPU
		{194FE671-0014-4018-8E4C-D78F71E6601C}.Release|iPhone.ActiveCfg = Release|Any CPU
		{194FE671-0014-4018-8E4C-D78F71E6601C}.Release|iPhone.Build.0 = Release|Any CPU
		{194FE671-0014-4018-8E4C-D78F71E6601C}.Release|iPhoneSimulator.ActiveCfg = Release|Any CPU
		{194FE671-0014-4018-8E4C-D78F71E6601C}.Release|iPhoneSimulator.Build.0 = Release|Any CPU
		{194FE671-0014-4018-8E4C-D78F71E6601C}.Debug|iPhone.ActiveCfg = Debug|Any CPU
		{194FE671-0014-4018-8E4C-D78F71E6601C}.Debug|iPhone.Build.0 = Debug|Any CPU
		{F0A64F66-C6BD-4F9E-92FB-B03D576342BC}.Debug|Any CPU.ActiveCfg = Debug|Any CPU
		{F0A64F66-C6BD-4F9E-92FB-B03D576342BC}.Debug|Any CPU.Build.0 = Debug|Any CPU
		{F0A64F66-C6BD-4F9E-92FB-B03D576342BC}.Release|Any CPU.ActiveCfg = Release|Any CPU
		{F0A64F66-C6BD-4F9E-92FB-B03D576342BC}.Release|Any CPU.Build.0 = Release|Any CPU
		{F0A64F66-C6BD-4F9E-92FB-B03D576342BC}.Debug|iPhoneSimulator.ActiveCfg = Debug|Any CPU
		{F0A64F66-C6BD-4F9E-92FB-B03D576342BC}.Debug|iPhoneSimulator.Build.0 = Debug|Any CPU
		{F0A64F66-C6BD-4F9E-92FB-B03D576342BC}.Release|iPhone.ActiveCfg = Release|Any CPU
		{F0A64F66-C6BD-4F9E-92FB-B03D576342BC}.Release|iPhone.Build.0 = Release|Any CPU
		{F0A64F66-C6BD-4F9E-92FB-B03D576342BC}.Release|iPhoneSimulator.ActiveCfg = Release|Any CPU
		{F0A64F66-C6BD-4F9E-92FB-B03D576342BC}.Release|iPhoneSimulator.Build.0 = Release|Any CPU
		{F0A64F66-C6BD-4F9E-92FB-B03D576342BC}.Debug|iPhone.ActiveCfg = Debug|Any CPU
		{F0A64F66-C6BD-4F9E-92FB-B03D576342BC}.Debug|iPhone.Build.0 = Debug|Any CPU
	EndGlobalSection
EndGlobal
