
Microsoft Visual Studio Solution File, Format Version 12.00
# Visual Studio 2012
Project("{FAE04EC0-301F-11D3-BF4B-00C04F79EFBC}") = "CustomControlsSamples", "CustomControlsSamples\CustomControlsSamples.csproj", "{E88F99D0-05B9-4485-8387-B8B9DF39C3D3}"
EndProject
Project("{FAE04EC0-301F-11D3-BF4B-00C04F79EFBC}") = "CustomControlsSamples.iOS", "iOS\CustomControlsSamples.iOS.csproj", "{847CC9B8-3484-4D3B-B8EC-4A1D64BC0184}"
EndProject
Project("{FAE04EC0-301F-11D3-BF4B-00C04F79EFBC}") = "CustomControlsSamples.Droid", "Droid\CustomControlsSamples.Droid.csproj", "{0D4E430F-532E-4394-9156-AACB0F4F7FFF}"
EndProject
Project("{FAE04EC0-301F-11D3-BF4B-00C04F79EFBC}") = "Xamarin.CustomControls.RepeaterView", "Xamarin.CustomControls.Repeater\Xamarin.CustomControls.RepeaterView.csproj", "{73C8625C-82B0-484D-8EC0-32C984D73DB0}"
EndProject
Project("{FAE04EC0-301F-11D3-BF4B-00C04F79EFBC}") = "Xamarin.CustomControls.RefreshableRepeaterView", "Xamarin.CustomControls.RefreshableRepeaterView\Xamarin.CustomControls.RefreshableRepeaterView.csproj", "{E190C04D-E37F-4D76-ACA2-75B2709BC48C}"
EndProject
Project("{FAE04EC0-301F-11D3-BF4B-00C04F79EFBC}") = "Xamarin.CustomControls.AutoCompleteView", "Xamarin.CustomControls.AutoCompleteView\Xamarin.CustomControls.AutoCompleteView.csproj", "{89A36162-37C8-4FB4-85BA-518039CB6907}"
EndProject
Project("{FAE04EC0-301F-11D3-BF4B-00C04F79EFBC}") = "Xamarin.CustomControls.ProgressBarView", "Xamarin.CustomControls.ProgressBarView\Xamarin.CustomControls.ProgressBarView.csproj", "{F9C385C3-9CE7-43F8-A0DD-CAA6336C1A3D}"
EndProject
Project("{FAE04EC0-301F-11D3-BF4B-00C04F79EFBC}") = "Xamarin.CustomControls.WrapRepeaterView", "XamarinCustomControls.WrapRepeaterView\Xamarin.CustomControls.WrapRepeaterView.csproj", "{5DCDB5EF-94A2-4D0A-BBE9-52FFB2D72D8E}"
EndProject
Project("{FAE04EC0-301F-11D3-BF4B-00C04F79EFBC}") = "Xamarin.CustomControls.SegmentedView", "Xamarin.CustomControls.SegmentedView\Xamarin.CustomControls.SegmentedView.csproj", "{18C12359-CFA1-4789-90EA-4E469E6790F6}"
EndProject
Project("{FAE04EC0-301F-11D3-BF4B-00C04F79EFBC}") = "Xamarin.CustomControls.StateButton", "Xamarin.CustomControls.StateButton\Xamarin.CustomControls.StateButton.csproj", "{5DFBDD88-6C72-4A4D-A7E6-882246DD5B88}"
EndProject
Project("{FAE04EC0-301F-11D3-BF4B-00C04F79EFBC}") = "Xamarin.CustomControls.AccordionView", "Xamarin.CustomControls.Accordion\Xamarin.CustomControls.AccordionView.csproj", "{26F3E1BB-FA1E-462A-9FC2-40766401568C}"
EndProject
Project("{FAE04EC0-301F-11D3-BF4B-00C04F79EFBC}") = "Xamarin.CustomControls.BadgeButton", "Xamarin.CustomControls.BadgeButton\Xamarin.CustomControls.BadgeButton.csproj", "{1C8718EF-E051-440F-B85B-798691F492D7}"
EndProject
Project("{FAE04EC0-301F-11D3-BF4B-00C04F79EFBC}") = "Xamarin.CustomControls.SkiaControl", "Xamarin.CustomControls.DrawedControl\Xamarin.CustomControls.SkiaControl.csproj", "{F31EC3EA-072E-48A8-BCDF-DE079C290B8C}"
EndProject
Global
	GlobalSection(SolutionConfigurationPlatforms) = preSolution
		Debug|Any CPU = Debug|Any CPU
		Release|Any CPU = Release|Any CPU
		Debug|iPhoneSimulator = Debug|iPhoneSimulator
		Release|iPhone = Release|iPhone
		Release|iPhoneSimulator = Release|iPhoneSimulator
		Debug|iPhone = Debug|iPhone
	EndGlobalSection
	GlobalSection(ProjectConfigurationPlatforms) = postSolution
		{E88F99D0-05B9-4485-8387-B8B9DF39C3D3}.Debug|Any CPU.ActiveCfg = Debug|Any CPU
		{E88F99D0-05B9-4485-8387-B8B9DF39C3D3}.Debug|Any CPU.Build.0 = Debug|Any CPU
		{E88F99D0-05B9-4485-8387-B8B9DF39C3D3}.Release|Any CPU.ActiveCfg = Release|Any CPU
		{E88F99D0-05B9-4485-8387-B8B9DF39C3D3}.Release|Any CPU.Build.0 = Release|Any CPU
		{E88F99D0-05B9-4485-8387-B8B9DF39C3D3}.Debug|iPhoneSimulator.ActiveCfg = Debug|Any CPU
		{E88F99D0-05B9-4485-8387-B8B9DF39C3D3}.Debug|iPhoneSimulator.Build.0 = Debug|Any CPU
		{E88F99D0-05B9-4485-8387-B8B9DF39C3D3}.Release|iPhone.ActiveCfg = Release|Any CPU
		{E88F99D0-05B9-4485-8387-B8B9DF39C3D3}.Release|iPhone.Build.0 = Release|Any CPU
		{E88F99D0-05B9-4485-8387-B8B9DF39C3D3}.Release|iPhoneSimulator.ActiveCfg = Release|Any CPU
		{E88F99D0-05B9-4485-8387-B8B9DF39C3D3}.Release|iPhoneSimulator.Build.0 = Release|Any CPU
		{E88F99D0-05B9-4485-8387-B8B9DF39C3D3}.Debug|iPhone.ActiveCfg = Debug|Any CPU
		{E88F99D0-05B9-4485-8387-B8B9DF39C3D3}.Debug|iPhone.Build.0 = Debug|Any CPU
		{847CC9B8-3484-4D3B-B8EC-4A1D64BC0184}.Debug|Any CPU.ActiveCfg = Debug|iPhoneSimulator
		{847CC9B8-3484-4D3B-B8EC-4A1D64BC0184}.Debug|Any CPU.Build.0 = Debug|iPhoneSimulator
		{847CC9B8-3484-4D3B-B8EC-4A1D64BC0184}.Release|Any CPU.ActiveCfg = Release|iPhone
		{847CC9B8-3484-4D3B-B8EC-4A1D64BC0184}.Release|Any CPU.Build.0 = Release|iPhone
		{847CC9B8-3484-4D3B-B8EC-4A1D64BC0184}.Debug|iPhoneSimulator.ActiveCfg = Debug|iPhoneSimulator
		{847CC9B8-3484-4D3B-B8EC-4A1D64BC0184}.Debug|iPhoneSimulator.Build.0 = Debug|iPhoneSimulator
		{847CC9B8-3484-4D3B-B8EC-4A1D64BC0184}.Release|iPhone.ActiveCfg = Release|iPhone
		{847CC9B8-3484-4D3B-B8EC-4A1D64BC0184}.Release|iPhone.Build.0 = Release|iPhone
		{847CC9B8-3484-4D3B-B8EC-4A1D64BC0184}.Release|iPhoneSimulator.ActiveCfg = Release|iPhoneSimulator
		{847CC9B8-3484-4D3B-B8EC-4A1D64BC0184}.Release|iPhoneSimulator.Build.0 = Release|iPhoneSimulator
		{847CC9B8-3484-4D3B-B8EC-4A1D64BC0184}.Debug|iPhone.ActiveCfg = Debug|iPhone
		{847CC9B8-3484-4D3B-B8EC-4A1D64BC0184}.Debug|iPhone.Build.0 = Debug|iPhone
		{0D4E430F-532E-4394-9156-AACB0F4F7FFF}.Debug|Any CPU.ActiveCfg = Debug|Any CPU
		{0D4E430F-532E-4394-9156-AACB0F4F7FFF}.Debug|Any CPU.Build.0 = Debug|Any CPU
		{0D4E430F-532E-4394-9156-AACB0F4F7FFF}.Release|Any CPU.ActiveCfg = Release|Any CPU
		{0D4E430F-532E-4394-9156-AACB0F4F7FFF}.Release|Any CPU.Build.0 = Release|Any CPU
		{0D4E430F-532E-4394-9156-AACB0F4F7FFF}.Debug|iPhoneSimulator.ActiveCfg = Debug|Any CPU
		{0D4E430F-532E-4394-9156-AACB0F4F7FFF}.Debug|iPhoneSimulator.Build.0 = Debug|Any CPU
		{0D4E430F-532E-4394-9156-AACB0F4F7FFF}.Release|iPhone.ActiveCfg = Release|Any CPU
		{0D4E430F-532E-4394-9156-AACB0F4F7FFF}.Release|iPhone.Build.0 = Release|Any CPU
		{0D4E430F-532E-4394-9156-AACB0F4F7FFF}.Release|iPhoneSimulator.ActiveCfg = Release|Any CPU
		{0D4E430F-532E-4394-9156-AACB0F4F7FFF}.Release|iPhoneSimulator.Build.0 = Release|Any CPU
		{0D4E430F-532E-4394-9156-AACB0F4F7FFF}.Debug|iPhone.ActiveCfg = Debug|Any CPU
		{0D4E430F-532E-4394-9156-AACB0F4F7FFF}.Debug|iPhone.Build.0 = Debug|Any CPU
		{73C8625C-82B0-484D-8EC0-32C984D73DB0}.Debug|Any CPU.ActiveCfg = Debug|Any CPU
		{73C8625C-82B0-484D-8EC0-32C984D73DB0}.Debug|Any CPU.Build.0 = Debug|Any CPU
		{73C8625C-82B0-484D-8EC0-32C984D73DB0}.Release|Any CPU.ActiveCfg = Release|Any CPU
		{73C8625C-82B0-484D-8EC0-32C984D73DB0}.Release|Any CPU.Build.0 = Release|Any CPU
		{73C8625C-82B0-484D-8EC0-32C984D73DB0}.Debug|iPhoneSimulator.ActiveCfg = Debug|Any CPU
		{73C8625C-82B0-484D-8EC0-32C984D73DB0}.Debug|iPhoneSimulator.Build.0 = Debug|Any CPU
		{73C8625C-82B0-484D-8EC0-32C984D73DB0}.Release|iPhone.ActiveCfg = Release|Any CPU
		{73C8625C-82B0-484D-8EC0-32C984D73DB0}.Release|iPhone.Build.0 = Release|Any CPU
		{73C8625C-82B0-484D-8EC0-32C984D73DB0}.Release|iPhoneSimulator.ActiveCfg = Release|Any CPU
		{73C8625C-82B0-484D-8EC0-32C984D73DB0}.Release|iPhoneSimulator.Build.0 = Release|Any CPU
		{73C8625C-82B0-484D-8EC0-32C984D73DB0}.Debug|iPhone.ActiveCfg = Debug|Any CPU
		{73C8625C-82B0-484D-8EC0-32C984D73DB0}.Debug|iPhone.Build.0 = Debug|Any CPU
		{E190C04D-E37F-4D76-ACA2-75B2709BC48C}.Debug|Any CPU.ActiveCfg = Debug|Any CPU
		{E190C04D-E37F-4D76-ACA2-75B2709BC48C}.Debug|Any CPU.Build.0 = Debug|Any CPU
		{E190C04D-E37F-4D76-ACA2-75B2709BC48C}.Release|Any CPU.ActiveCfg = Release|Any CPU
		{E190C04D-E37F-4D76-ACA2-75B2709BC48C}.Release|Any CPU.Build.0 = Release|Any CPU
		{E190C04D-E37F-4D76-ACA2-75B2709BC48C}.Debug|iPhoneSimulator.ActiveCfg = Debug|Any CPU
		{E190C04D-E37F-4D76-ACA2-75B2709BC48C}.Debug|iPhoneSimulator.Build.0 = Debug|Any CPU
		{E190C04D-E37F-4D76-ACA2-75B2709BC48C}.Release|iPhone.ActiveCfg = Release|Any CPU
		{E190C04D-E37F-4D76-ACA2-75B2709BC48C}.Release|iPhone.Build.0 = Release|Any CPU
		{E190C04D-E37F-4D76-ACA2-75B2709BC48C}.Release|iPhoneSimulator.ActiveCfg = Release|Any CPU
		{E190C04D-E37F-4D76-ACA2-75B2709BC48C}.Release|iPhoneSimulator.Build.0 = Release|Any CPU
		{E190C04D-E37F-4D76-ACA2-75B2709BC48C}.Debug|iPhone.ActiveCfg = Debug|Any CPU
		{E190C04D-E37F-4D76-ACA2-75B2709BC48C}.Debug|iPhone.Build.0 = Debug|Any CPU
		{89A36162-37C8-4FB4-85BA-518039CB6907}.Debug|Any CPU.ActiveCfg = Debug|Any CPU
		{89A36162-37C8-4FB4-85BA-518039CB6907}.Debug|Any CPU.Build.0 = Debug|Any CPU
		{89A36162-37C8-4FB4-85BA-518039CB6907}.Release|Any CPU.ActiveCfg = Release|Any CPU
		{89A36162-37C8-4FB4-85BA-518039CB6907}.Release|Any CPU.Build.0 = Release|Any CPU
		{89A36162-37C8-4FB4-85BA-518039CB6907}.Debug|iPhoneSimulator.ActiveCfg = Debug|Any CPU
		{89A36162-37C8-4FB4-85BA-518039CB6907}.Debug|iPhoneSimulator.Build.0 = Debug|Any CPU
		{89A36162-37C8-4FB4-85BA-518039CB6907}.Release|iPhone.ActiveCfg = Release|Any CPU
		{89A36162-37C8-4FB4-85BA-518039CB6907}.Release|iPhone.Build.0 = Release|Any CPU
		{89A36162-37C8-4FB4-85BA-518039CB6907}.Release|iPhoneSimulator.ActiveCfg = Release|Any CPU
		{89A36162-37C8-4FB4-85BA-518039CB6907}.Release|iPhoneSimulator.Build.0 = Release|Any CPU
		{89A36162-37C8-4FB4-85BA-518039CB6907}.Debug|iPhone.ActiveCfg = Debug|Any CPU
		{89A36162-37C8-4FB4-85BA-518039CB6907}.Debug|iPhone.Build.0 = Debug|Any CPU
		{F9C385C3-9CE7-43F8-A0DD-CAA6336C1A3D}.Debug|Any CPU.ActiveCfg = Debug|Any CPU
		{F9C385C3-9CE7-43F8-A0DD-CAA6336C1A3D}.Debug|Any CPU.Build.0 = Debug|Any CPU
		{F9C385C3-9CE7-43F8-A0DD-CAA6336C1A3D}.Release|Any CPU.ActiveCfg = Release|Any CPU
		{F9C385C3-9CE7-43F8-A0DD-CAA6336C1A3D}.Release|Any CPU.Build.0 = Release|Any CPU
		{F9C385C3-9CE7-43F8-A0DD-CAA6336C1A3D}.Debug|iPhoneSimulator.ActiveCfg = Debug|Any CPU
		{F9C385C3-9CE7-43F8-A0DD-CAA6336C1A3D}.Debug|iPhoneSimulator.Build.0 = Debug|Any CPU
		{F9C385C3-9CE7-43F8-A0DD-CAA6336C1A3D}.Release|iPhone.ActiveCfg = Release|Any CPU
		{F9C385C3-9CE7-43F8-A0DD-CAA6336C1A3D}.Release|iPhone.Build.0 = Release|Any CPU
		{F9C385C3-9CE7-43F8-A0DD-CAA6336C1A3D}.Release|iPhoneSimulator.ActiveCfg = Release|Any CPU
		{F9C385C3-9CE7-43F8-A0DD-CAA6336C1A3D}.Release|iPhoneSimulator.Build.0 = Release|Any CPU
		{F9C385C3-9CE7-43F8-A0DD-CAA6336C1A3D}.Debug|iPhone.ActiveCfg = Debug|Any CPU
		{F9C385C3-9CE7-43F8-A0DD-CAA6336C1A3D}.Debug|iPhone.Build.0 = Debug|Any CPU
		{5DCDB5EF-94A2-4D0A-BBE9-52FFB2D72D8E}.Debug|Any CPU.ActiveCfg = Debug|Any CPU
		{5DCDB5EF-94A2-4D0A-BBE9-52FFB2D72D8E}.Debug|Any CPU.Build.0 = Debug|Any CPU
		{5DCDB5EF-94A2-4D0A-BBE9-52FFB2D72D8E}.Release|Any CPU.ActiveCfg = Release|Any CPU
		{5DCDB5EF-94A2-4D0A-BBE9-52FFB2D72D8E}.Release|Any CPU.Build.0 = Release|Any CPU
		{5DCDB5EF-94A2-4D0A-BBE9-52FFB2D72D8E}.Debug|iPhoneSimulator.ActiveCfg = Debug|Any CPU
		{5DCDB5EF-94A2-4D0A-BBE9-52FFB2D72D8E}.Debug|iPhoneSimulator.Build.0 = Debug|Any CPU
		{5DCDB5EF-94A2-4D0A-BBE9-52FFB2D72D8E}.Release|iPhone.ActiveCfg = Release|Any CPU
		{5DCDB5EF-94A2-4D0A-BBE9-52FFB2D72D8E}.Release|iPhone.Build.0 = Release|Any CPU
		{5DCDB5EF-94A2-4D0A-BBE9-52FFB2D72D8E}.Release|iPhoneSimulator.ActiveCfg = Release|Any CPU
		{5DCDB5EF-94A2-4D0A-BBE9-52FFB2D72D8E}.Release|iPhoneSimulator.Build.0 = Release|Any CPU
		{5DCDB5EF-94A2-4D0A-BBE9-52FFB2D72D8E}.Debug|iPhone.ActiveCfg = Debug|Any CPU
		{5DCDB5EF-94A2-4D0A-BBE9-52FFB2D72D8E}.Debug|iPhone.Build.0 = Debug|Any CPU
		{18C12359-CFA1-4789-90EA-4E469E6790F6}.Debug|Any CPU.ActiveCfg = Debug|Any CPU
		{18C12359-CFA1-4789-90EA-4E469E6790F6}.Debug|Any CPU.Build.0 = Debug|Any CPU
		{18C12359-CFA1-4789-90EA-4E469E6790F6}.Release|Any CPU.ActiveCfg = Release|Any CPU
		{18C12359-CFA1-4789-90EA-4E469E6790F6}.Release|Any CPU.Build.0 = Release|Any CPU
		{18C12359-CFA1-4789-90EA-4E469E6790F6}.Debug|iPhoneSimulator.ActiveCfg = Debug|Any CPU
		{18C12359-CFA1-4789-90EA-4E469E6790F6}.Debug|iPhoneSimulator.Build.0 = Debug|Any CPU
		{18C12359-CFA1-4789-90EA-4E469E6790F6}.Release|iPhone.ActiveCfg = Release|Any CPU
		{18C12359-CFA1-4789-90EA-4E469E6790F6}.Release|iPhone.Build.0 = Release|Any CPU
		{18C12359-CFA1-4789-90EA-4E469E6790F6}.Release|iPhoneSimulator.ActiveCfg = Release|Any CPU
		{18C12359-CFA1-4789-90EA-4E469E6790F6}.Release|iPhoneSimulator.Build.0 = Release|Any CPU
		{18C12359-CFA1-4789-90EA-4E469E6790F6}.Debug|iPhone.ActiveCfg = Debug|Any CPU
		{18C12359-CFA1-4789-90EA-4E469E6790F6}.Debug|iPhone.Build.0 = Debug|Any CPU
		{5DFBDD88-6C72-4A4D-A7E6-882246DD5B88}.Debug|Any CPU.ActiveCfg = Debug|Any CPU
		{5DFBDD88-6C72-4A4D-A7E6-882246DD5B88}.Debug|Any CPU.Build.0 = Debug|Any CPU
		{5DFBDD88-6C72-4A4D-A7E6-882246DD5B88}.Release|Any CPU.ActiveCfg = Release|Any CPU
		{5DFBDD88-6C72-4A4D-A7E6-882246DD5B88}.Release|Any CPU.Build.0 = Release|Any CPU
		{5DFBDD88-6C72-4A4D-A7E6-882246DD5B88}.Debug|iPhoneSimulator.ActiveCfg = Debug|Any CPU
		{5DFBDD88-6C72-4A4D-A7E6-882246DD5B88}.Debug|iPhoneSimulator.Build.0 = Debug|Any CPU
		{5DFBDD88-6C72-4A4D-A7E6-882246DD5B88}.Release|iPhone.ActiveCfg = Release|Any CPU
		{5DFBDD88-6C72-4A4D-A7E6-882246DD5B88}.Release|iPhone.Build.0 = Release|Any CPU
		{5DFBDD88-6C72-4A4D-A7E6-882246DD5B88}.Release|iPhoneSimulator.ActiveCfg = Release|Any CPU
		{5DFBDD88-6C72-4A4D-A7E6-882246DD5B88}.Release|iPhoneSimulator.Build.0 = Release|Any CPU
		{5DFBDD88-6C72-4A4D-A7E6-882246DD5B88}.Debug|iPhone.ActiveCfg = Debug|Any CPU
		{5DFBDD88-6C72-4A4D-A7E6-882246DD5B88}.Debug|iPhone.Build.0 = Debug|Any CPU
		{26F3E1BB-FA1E-462A-9FC2-40766401568C}.Debug|Any CPU.ActiveCfg = Debug|Any CPU
		{26F3E1BB-FA1E-462A-9FC2-40766401568C}.Debug|Any CPU.Build.0 = Debug|Any CPU
		{26F3E1BB-FA1E-462A-9FC2-40766401568C}.Release|Any CPU.ActiveCfg = Release|Any CPU
		{26F3E1BB-FA1E-462A-9FC2-40766401568C}.Release|Any CPU.Build.0 = Release|Any CPU
		{26F3E1BB-FA1E-462A-9FC2-40766401568C}.Debug|iPhoneSimulator.ActiveCfg = Debug|Any CPU
		{26F3E1BB-FA1E-462A-9FC2-40766401568C}.Debug|iPhoneSimulator.Build.0 = Debug|Any CPU
		{26F3E1BB-FA1E-462A-9FC2-40766401568C}.Release|iPhone.ActiveCfg = Release|Any CPU
		{26F3E1BB-FA1E-462A-9FC2-40766401568C}.Release|iPhone.Build.0 = Release|Any CPU
		{26F3E1BB-FA1E-462A-9FC2-40766401568C}.Release|iPhoneSimulator.ActiveCfg = Release|Any CPU
		{26F3E1BB-FA1E-462A-9FC2-40766401568C}.Release|iPhoneSimulator.Build.0 = Release|Any CPU
		{26F3E1BB-FA1E-462A-9FC2-40766401568C}.Debug|iPhone.ActiveCfg = Debug|Any CPU
		{26F3E1BB-FA1E-462A-9FC2-40766401568C}.Debug|iPhone.Build.0 = Debug|Any CPU
		{1C8718EF-E051-440F-B85B-798691F492D7}.Debug|Any CPU.ActiveCfg = Debug|Any CPU
		{1C8718EF-E051-440F-B85B-798691F492D7}.Debug|Any CPU.Build.0 = Debug|Any CPU
		{1C8718EF-E051-440F-B85B-798691F492D7}.Release|Any CPU.ActiveCfg = Release|Any CPU
		{1C8718EF-E051-440F-B85B-798691F492D7}.Release|Any CPU.Build.0 = Release|Any CPU
		{1C8718EF-E051-440F-B85B-798691F492D7}.Debug|iPhoneSimulator.ActiveCfg = Debug|Any CPU
		{1C8718EF-E051-440F-B85B-798691F492D7}.Debug|iPhoneSimulator.Build.0 = Debug|Any CPU
		{1C8718EF-E051-440F-B85B-798691F492D7}.Release|iPhone.ActiveCfg = Release|Any CPU
		{1C8718EF-E051-440F-B85B-798691F492D7}.Release|iPhone.Build.0 = Release|Any CPU
		{1C8718EF-E051-440F-B85B-798691F492D7}.Release|iPhoneSimulator.ActiveCfg = Release|Any CPU
		{1C8718EF-E051-440F-B85B-798691F492D7}.Release|iPhoneSimulator.Build.0 = Release|Any CPU
		{1C8718EF-E051-440F-B85B-798691F492D7}.Debug|iPhone.ActiveCfg = Debug|Any CPU
		{1C8718EF-E051-440F-B85B-798691F492D7}.Debug|iPhone.Build.0 = Debug|Any CPU
		{F31EC3EA-072E-48A8-BCDF-DE079C290B8C}.Debug|Any CPU.ActiveCfg = Debug|Any CPU
		{F31EC3EA-072E-48A8-BCDF-DE079C290B8C}.Debug|Any CPU.Build.0 = Debug|Any CPU
		{F31EC3EA-072E-48A8-BCDF-DE079C290B8C}.Release|Any CPU.ActiveCfg = Release|Any CPU
		{F31EC3EA-072E-48A8-BCDF-DE079C290B8C}.Release|Any CPU.Build.0 = Release|Any CPU
		{F31EC3EA-072E-48A8-BCDF-DE079C290B8C}.Debug|iPhoneSimulator.ActiveCfg = Debug|Any CPU
		{F31EC3EA-072E-48A8-BCDF-DE079C290B8C}.Debug|iPhoneSimulator.Build.0 = Debug|Any CPU
		{F31EC3EA-072E-48A8-BCDF-DE079C290B8C}.Release|iPhone.ActiveCfg = Release|Any CPU
		{F31EC3EA-072E-48A8-BCDF-DE079C290B8C}.Release|iPhone.Build.0 = Release|Any CPU
		{F31EC3EA-072E-48A8-BCDF-DE079C290B8C}.Release|iPhoneSimulator.ActiveCfg = Release|Any CPU
		{F31EC3EA-072E-48A8-BCDF-DE079C290B8C}.Release|iPhoneSimulator.Build.0 = Release|Any CPU
		{F31EC3EA-072E-48A8-BCDF-DE079C290B8C}.Debug|iPhone.ActiveCfg = Debug|Any CPU
		{F31EC3EA-072E-48A8-BCDF-DE079C290B8C}.Debug|iPhone.Build.0 = Debug|Any CPU
	EndGlobalSection
EndGlobal
