
Microsoft Visual Studio Solution File, Format Version 15.00
# Visual Studio 2012
Project("{FAE04EC0-301F-11D3-BF4B-00C04F79EFBC}") = "CustomControlsSamples.iOS", "iOS\CustomControlsSamples.iOS.csproj", "{847CC9B8-3484-4D3B-B8EC-4A1D64BC0184}"
EndProject
Project("{FAE04EC0-301F-11D3-BF4B-00C04F79EFBC}") = "CustomControlsSamples.Droid", "Droid\CustomControlsSamples.Droid.csproj", "{0D4E430F-532E-4394-9156-AACB0F4F7FFF}"
EndProject
Project("{FAE04EC0-301F-11D3-BF4B-00C04F79EFBC}") = "Xamarin.CustomControls.RefreshableRepeaterView", "Xamarin.CustomControls.RefreshableRepeaterView\Xamarin.CustomControls.RefreshableRepeaterView.csproj", "{E190C04D-E37F-4D76-ACA2-75B2709BC48C}"
EndProject
Project("{FAE04EC0-301F-11D3-BF4B-00C04F79EFBC}") = "Xamarin.CustomControls.AutoCompleteView", "Xamarin.CustomControls.AutoCompleteView\Xamarin.CustomControls.AutoCompleteView.csproj", "{89A36162-37C8-4FB4-85BA-518039CB6907}"
EndProject
Project("{FAE04EC0-301F-11D3-BF4B-00C04F79EFBC}") = "Xamarin.CustomControls.ProgressBarView", "Xamarin.CustomControls.ProgressBarView\Xamarin.CustomControls.ProgressBarView.csproj", "{F9C385C3-9CE7-43F8-A0DD-CAA6336C1A3D}"
EndProject
Project("{FAE04EC0-301F-11D3-BF4B-00C04F79EFBC}") = "Xamarin.CustomControls.AccordionView", "Xamarin.CustomControls.Accordion\Xamarin.CustomControls.AccordionView.csproj", "{26F3E1BB-FA1E-462A-9FC2-40766401568C}"
EndProject
Project("{FAE04EC0-301F-11D3-BF4B-00C04F79EFBC}") = "Xamarin.CustomControls.StateButton", "Xamarin.CustomControls.StateButton\Xamarin.CustomControls.StateButton.csproj", "{8D44D06C-84E9-4AF4-9155-B8B83499A2A6}"
EndProject
Project("{FAE04EC0-301F-11D3-BF4B-00C04F79EFBC}") = "CustomControlsSamples", "CustomControlsSamples\CustomControlsSamples.csproj", "{CACBF80F-A49F-486C-88BB-F02D6360E0EF}"
EndProject
Project("{FAE04EC0-301F-11D3-BF4B-00C04F79EFBC}") = "Xamarin.CustomControls.RepeaterView", "Xamarin.CustomControls.RepeaterView\Xamarin.CustomControls.RepeaterView.csproj", "{428169BD-297A-4E60-A718-E003D4B8CC52}"
EndProject
Project("{FAE04EC0-301F-11D3-BF4B-00C04F79EFBC}") = "Xamarin.CustomControls.WrapRepeaterView", "Xamarin.CustomControls.WrapRepeaterView\Xamarin.CustomControls.WrapRepeaterView.csproj", "{26AB9558-0D6E-49E1-90B9-428DD0B3E4D1}"
EndProject
Global
	GlobalSection(SolutionConfigurationPlatforms) = preSolution
		Debug|Any CPU = Debug|Any CPU
		Release|Any CPU = Release|Any CPU
		Debug|iPhoneSimulator = Debug|iPhoneSimulator
		Release|iPhone = Release|iPhone
		Release|iPhoneSimulator = Release|iPhoneSimulator
		Debug|iPhone = Debug|iPhone
	EndGlobalSection
	GlobalSection(ProjectConfigurationPlatforms) = postSolution
		{847CC9B8-3484-4D3B-B8EC-4A1D64BC0184}.Debug|Any CPU.ActiveCfg = Debug|iPhoneSimulator
		{847CC9B8-3484-4D3B-B8EC-4A1D64BC0184}.Debug|Any CPU.Build.0 = Debug|iPhoneSimulator
		{847CC9B8-3484-4D3B-B8EC-4A1D64BC0184}.Release|Any CPU.ActiveCfg = Release|iPhone
		{847CC9B8-3484-4D3B-B8EC-4A1D64BC0184}.Release|Any CPU.Build.0 = Release|iPhone
		{847CC9B8-3484-4D3B-B8EC-4A1D64BC0184}.Debug|iPhoneSimulator.ActiveCfg = Debug|iPhoneSimulator
		{847CC9B8-3484-4D3B-B8EC-4A1D64BC0184}.Debug|iPhoneSimulator.Build.0 = Debug|iPhoneSimulator
		{847CC9B8-3484-4D3B-B8EC-4A1D64BC0184}.Release|iPhone.ActiveCfg = Release|iPhone
		{847CC9B8-3484-4D3B-B8EC-4A1D64BC0184}.Release|iPhone.Build.0 = Release|iPhone
		{847CC9B8-3484-4D3B-B8EC-4A1D64BC0184}.Release|iPhoneSimulator.ActiveCfg = Release|iPhoneSimulator
		{847CC9B8-3484-4D3B-B8EC-4A1D64BC0184}.Release|iPhoneSimulator.Build.0 = Release|iPhoneSimulator
		{847CC9B8-3484-4D3B-B8EC-4A1D64BC0184}.Debug|iPhone.ActiveCfg = Debug|iPhone
		{847CC9B8-3484-4D3B-B8EC-4A1D64BC0184}.Debug|iPhone.Build.0 = Debug|iPhone
		{0D4E430F-532E-4394-9156-AACB0F4F7FFF}.Debug|Any CPU.ActiveCfg = Debug|Any CPU
		{0D4E430F-532E-4394-9156-AACB0F4F7FFF}.Debug|Any CPU.Build.0 = Debug|Any CPU
		{0D4E430F-532E-4394-9156-AACB0F4F7FFF}.Release|Any CPU.ActiveCfg = Release|Any CPU
		{0D4E430F-532E-4394-9156-AACB0F4F7FFF}.Release|Any CPU.Build.0 = Release|Any CPU
		{0D4E430F-532E-4394-9156-AACB0F4F7FFF}.Debug|iPhoneSimulator.ActiveCfg = Debug|Any CPU
		{0D4E430F-532E-4394-9156-AACB0F4F7FFF}.Debug|iPhoneSimulator.Build.0 = Debug|Any CPU
		{0D4E430F-532E-4394-9156-AACB0F4F7FFF}.Release|iPhone.ActiveCfg = Release|Any CPU
		{0D4E430F-532E-4394-9156-AACB0F4F7FFF}.Release|iPhone.Build.0 = Release|Any CPU
		{0D4E430F-532E-4394-9156-AACB0F4F7FFF}.Release|iPhoneSimulator.ActiveCfg = Release|Any CPU
		{0D4E430F-532E-4394-9156-AACB0F4F7FFF}.Release|iPhoneSimulator.Build.0 = Release|Any CPU
		{0D4E430F-532E-4394-9156-AACB0F4F7FFF}.Debug|iPhone.ActiveCfg = Debug|Any CPU
		{0D4E430F-532E-4394-9156-AACB0F4F7FFF}.Debug|iPhone.Build.0 = Debug|Any CPU
		{E190C04D-E37F-4D76-ACA2-75B2709BC48C}.Debug|Any CPU.ActiveCfg = Debug|Any CPU
		{E190C04D-E37F-4D76-ACA2-75B2709BC48C}.Debug|Any CPU.Build.0 = Debug|Any CPU
		{E190C04D-E37F-4D76-ACA2-75B2709BC48C}.Release|Any CPU.ActiveCfg = Release|Any CPU
		{E190C04D-E37F-4D76-ACA2-75B2709BC48C}.Release|Any CPU.Build.0 = Release|Any CPU
		{E190C04D-E37F-4D76-ACA2-75B2709BC48C}.Debug|iPhoneSimulator.ActiveCfg = Debug|Any CPU
		{E190C04D-E37F-4D76-ACA2-75B2709BC48C}.Debug|iPhoneSimulator.Build.0 = Debug|Any CPU
		{E190C04D-E37F-4D76-ACA2-75B2709BC48C}.Release|iPhone.ActiveCfg = Release|Any CPU
		{E190C04D-E37F-4D76-ACA2-75B2709BC48C}.Release|iPhone.Build.0 = Release|Any CPU
		{E190C04D-E37F-4D76-ACA2-75B2709BC48C}.Release|iPhoneSimulator.ActiveCfg = Release|Any CPU
		{E190C04D-E37F-4D76-ACA2-75B2709BC48C}.Release|iPhoneSimulator.Build.0 = Release|Any CPU
		{E190C04D-E37F-4D76-ACA2-75B2709BC48C}.Debug|iPhone.ActiveCfg = Debug|Any CPU
		{E190C04D-E37F-4D76-ACA2-75B2709BC48C}.Debug|iPhone.Build.0 = Debug|Any CPU
		{89A36162-37C8-4FB4-85BA-518039CB6907}.Debug|Any CPU.ActiveCfg = Debug|Any CPU
		{89A36162-37C8-4FB4-85BA-518039CB6907}.Debug|Any CPU.Build.0 = Debug|Any CPU
		{89A36162-37C8-4FB4-85BA-518039CB6907}.Release|Any CPU.ActiveCfg = Release|Any CPU
		{89A36162-37C8-4FB4-85BA-518039CB6907}.Release|Any CPU.Build.0 = Release|Any CPU
		{89A36162-37C8-4FB4-85BA-518039CB6907}.Debug|iPhoneSimulator.ActiveCfg = Debug|Any CPU
		{89A36162-37C8-4FB4-85BA-518039CB6907}.Debug|iPhoneSimulator.Build.0 = Debug|Any CPU
		{89A36162-37C8-4FB4-85BA-518039CB6907}.Release|iPhone.ActiveCfg = Release|Any CPU
		{89A36162-37C8-4FB4-85BA-518039CB6907}.Release|iPhone.Build.0 = Release|Any CPU
		{89A36162-37C8-4FB4-85BA-518039CB6907}.Release|iPhoneSimulator.ActiveCfg = Release|Any CPU
		{89A36162-37C8-4FB4-85BA-518039CB6907}.Release|iPhoneSimulator.Build.0 = Release|Any CPU
		{89A36162-37C8-4FB4-85BA-518039CB6907}.Debug|iPhone.ActiveCfg = Debug|Any CPU
		{89A36162-37C8-4FB4-85BA-518039CB6907}.Debug|iPhone.Build.0 = Debug|Any CPU
		{F9C385C3-9CE7-43F8-A0DD-CAA6336C1A3D}.Debug|Any CPU.ActiveCfg = Debug|Any CPU
		{F9C385C3-9CE7-43F8-A0DD-CAA6336C1A3D}.Debug|Any CPU.Build.0 = Debug|Any CPU
		{F9C385C3-9CE7-43F8-A0DD-CAA6336C1A3D}.Release|Any CPU.ActiveCfg = Release|Any CPU
		{F9C385C3-9CE7-43F8-A0DD-CAA6336C1A3D}.Release|Any CPU.Build.0 = Release|Any CPU
		{F9C385C3-9CE7-43F8-A0DD-CAA6336C1A3D}.Debug|iPhoneSimulator.ActiveCfg = Debug|Any CPU
		{F9C385C3-9CE7-43F8-A0DD-CAA6336C1A3D}.Debug|iPhoneSimulator.Build.0 = Debug|Any CPU
		{F9C385C3-9CE7-43F8-A0DD-CAA6336C1A3D}.Release|iPhone.ActiveCfg = Release|Any CPU
		{F9C385C3-9CE7-43F8-A0DD-CAA6336C1A3D}.Release|iPhone.Build.0 = Release|Any CPU
		{F9C385C3-9CE7-43F8-A0DD-CAA6336C1A3D}.Release|iPhoneSimulator.ActiveCfg = Release|Any CPU
		{F9C385C3-9CE7-43F8-A0DD-CAA6336C1A3D}.Release|iPhoneSimulator.Build.0 = Release|Any CPU
		{F9C385C3-9CE7-43F8-A0DD-CAA6336C1A3D}.Debug|iPhone.ActiveCfg = Debug|Any CPU
		{F9C385C3-9CE7-43F8-A0DD-CAA6336C1A3D}.Debug|iPhone.Build.0 = Debug|Any CPU
		{26F3E1BB-FA1E-462A-9FC2-40766401568C}.Debug|Any CPU.ActiveCfg = Debug|Any CPU
		{26F3E1BB-FA1E-462A-9FC2-40766401568C}.Debug|Any CPU.Build.0 = Debug|Any CPU
		{26F3E1BB-FA1E-462A-9FC2-40766401568C}.Release|Any CPU.ActiveCfg = Release|Any CPU
		{26F3E1BB-FA1E-462A-9FC2-40766401568C}.Release|Any CPU.Build.0 = Release|Any CPU
		{26F3E1BB-FA1E-462A-9FC2-40766401568C}.Debug|iPhoneSimulator.ActiveCfg = Debug|Any CPU
		{26F3E1BB-FA1E-462A-9FC2-40766401568C}.Debug|iPhoneSimulator.Build.0 = Debug|Any CPU
		{26F3E1BB-FA1E-462A-9FC2-40766401568C}.Release|iPhone.ActiveCfg = Release|Any CPU
		{26F3E1BB-FA1E-462A-9FC2-40766401568C}.Release|iPhone.Build.0 = Release|Any CPU
		{26F3E1BB-FA1E-462A-9FC2-40766401568C}.Release|iPhoneSimulator.ActiveCfg = Release|Any CPU
		{26F3E1BB-FA1E-462A-9FC2-40766401568C}.Release|iPhoneSimulator.Build.0 = Release|Any CPU
		{26F3E1BB-FA1E-462A-9FC2-40766401568C}.Debug|iPhone.ActiveCfg = Debug|Any CPU
		{26F3E1BB-FA1E-462A-9FC2-40766401568C}.Debug|iPhone.Build.0 = Debug|Any CPU
		{8D44D06C-84E9-4AF4-9155-B8B83499A2A6}.Debug|Any CPU.ActiveCfg = Debug|Any CPU
		{8D44D06C-84E9-4AF4-9155-B8B83499A2A6}.Debug|Any CPU.Build.0 = Debug|Any CPU
		{8D44D06C-84E9-4AF4-9155-B8B83499A2A6}.Release|Any CPU.ActiveCfg = Release|Any CPU
		{8D44D06C-84E9-4AF4-9155-B8B83499A2A6}.Release|Any CPU.Build.0 = Release|Any CPU
		{8D44D06C-84E9-4AF4-9155-B8B83499A2A6}.Debug|iPhoneSimulator.ActiveCfg = Debug|Any CPU
		{8D44D06C-84E9-4AF4-9155-B8B83499A2A6}.Debug|iPhoneSimulator.Build.0 = Debug|Any CPU
		{8D44D06C-84E9-4AF4-9155-B8B83499A2A6}.Release|iPhone.ActiveCfg = Release|Any CPU
		{8D44D06C-84E9-4AF4-9155-B8B83499A2A6}.Release|iPhone.Build.0 = Release|Any CPU
		{8D44D06C-84E9-4AF4-9155-B8B83499A2A6}.Release|iPhoneSimulator.ActiveCfg = Release|Any CPU
		{8D44D06C-84E9-4AF4-9155-B8B83499A2A6}.Release|iPhoneSimulator.Build.0 = Release|Any CPU
		{8D44D06C-84E9-4AF4-9155-B8B83499A2A6}.Debug|iPhone.ActiveCfg = Debug|Any CPU
		{8D44D06C-84E9-4AF4-9155-B8B83499A2A6}.Debug|iPhone.Build.0 = Debug|Any CPU
		{CACBF80F-A49F-486C-88BB-F02D6360E0EF}.Debug|Any CPU.ActiveCfg = Debug|Any CPU
		{CACBF80F-A49F-486C-88BB-F02D6360E0EF}.Debug|Any CPU.Build.0 = Debug|Any CPU
		{CACBF80F-A49F-486C-88BB-F02D6360E0EF}.Release|Any CPU.ActiveCfg = Release|Any CPU
		{CACBF80F-A49F-486C-88BB-F02D6360E0EF}.Release|Any CPU.Build.0 = Release|Any CPU
		{CACBF80F-A49F-486C-88BB-F02D6360E0EF}.Debug|iPhoneSimulator.ActiveCfg = Debug|Any CPU
		{CACBF80F-A49F-486C-88BB-F02D6360E0EF}.Debug|iPhoneSimulator.Build.0 = Debug|Any CPU
		{CACBF80F-A49F-486C-88BB-F02D6360E0EF}.Release|iPhone.ActiveCfg = Release|Any CPU
		{CACBF80F-A49F-486C-88BB-F02D6360E0EF}.Release|iPhone.Build.0 = Release|Any CPU
		{CACBF80F-A49F-486C-88BB-F02D6360E0EF}.Release|iPhoneSimulator.ActiveCfg = Release|Any CPU
		{CACBF80F-A49F-486C-88BB-F02D6360E0EF}.Release|iPhoneSimulator.Build.0 = Release|Any CPU
		{CACBF80F-A49F-486C-88BB-F02D6360E0EF}.Debug|iPhone.ActiveCfg = Debug|Any CPU
		{CACBF80F-A49F-486C-88BB-F02D6360E0EF}.Debug|iPhone.Build.0 = Debug|Any CPU
		{428169BD-297A-4E60-A718-E003D4B8CC52}.Debug|Any CPU.ActiveCfg = Debug|Any CPU
		{428169BD-297A-4E60-A718-E003D4B8CC52}.Debug|Any CPU.Build.0 = Debug|Any CPU
		{428169BD-297A-4E60-A718-E003D4B8CC52}.Release|Any CPU.ActiveCfg = Release|Any CPU
		{428169BD-297A-4E60-A718-E003D4B8CC52}.Release|Any CPU.Build.0 = Release|Any CPU
		{428169BD-297A-4E60-A718-E003D4B8CC52}.Debug|iPhoneSimulator.ActiveCfg = Debug|Any CPU
		{428169BD-297A-4E60-A718-E003D4B8CC52}.Debug|iPhoneSimulator.Build.0 = Debug|Any CPU
		{428169BD-297A-4E60-A718-E003D4B8CC52}.Release|iPhone.ActiveCfg = Release|Any CPU
		{428169BD-297A-4E60-A718-E003D4B8CC52}.Release|iPhone.Build.0 = Release|Any CPU
		{428169BD-297A-4E60-A718-E003D4B8CC52}.Release|iPhoneSimulator.ActiveCfg = Release|Any CPU
		{428169BD-297A-4E60-A718-E003D4B8CC52}.Release|iPhoneSimulator.Build.0 = Release|Any CPU
		{428169BD-297A-4E60-A718-E003D4B8CC52}.Debug|iPhone.ActiveCfg = Debug|Any CPU
		{428169BD-297A-4E60-A718-E003D4B8CC52}.Debug|iPhone.Build.0 = Debug|Any CPU
		{26AB9558-0D6E-49E1-90B9-428DD0B3E4D1}.Debug|Any CPU.ActiveCfg = Debug|Any CPU
		{26AB9558-0D6E-49E1-90B9-428DD0B3E4D1}.Debug|Any CPU.Build.0 = Debug|Any CPU
		{26AB9558-0D6E-49E1-90B9-428DD0B3E4D1}.Release|Any CPU.ActiveCfg = Release|Any CPU
		{26AB9558-0D6E-49E1-90B9-428DD0B3E4D1}.Release|Any CPU.Build.0 = Release|Any CPU
		{26AB9558-0D6E-49E1-90B9-428DD0B3E4D1}.Debug|iPhoneSimulator.ActiveCfg = Debug|Any CPU
		{26AB9558-0D6E-49E1-90B9-428DD0B3E4D1}.Debug|iPhoneSimulator.Build.0 = Debug|Any CPU
		{26AB9558-0D6E-49E1-90B9-428DD0B3E4D1}.Release|iPhone.ActiveCfg = Release|Any CPU
		{26AB9558-0D6E-49E1-90B9-428DD0B3E4D1}.Release|iPhone.Build.0 = Release|Any CPU
		{26AB9558-0D6E-49E1-90B9-428DD0B3E4D1}.Release|iPhoneSimulator.ActiveCfg = Release|Any CPU
		{26AB9558-0D6E-49E1-90B9-428DD0B3E4D1}.Release|iPhoneSimulator.Build.0 = Release|Any CPU
		{26AB9558-0D6E-49E1-90B9-428DD0B3E4D1}.Debug|iPhone.ActiveCfg = Debug|Any CPU
		{26AB9558-0D6E-49E1-90B9-428DD0B3E4D1}.Debug|iPhone.Build.0 = Debug|Any CPU
	EndGlobalSection
EndGlobal
